{
  "requires": true,
  "lockfileVersion": 1,
  "dependencies": {
    "wuss-weapp": {
      "version": "2.0.8",
      "resolved": "https://registry.npmjs.org/wuss-weapp/-/wuss-weapp-2.0.8.tgz",
      "integrity": "sha512-QrqMvGUhCwz9QSHHeZooeHIrpXIajYQENWzrg8+KYb7nCAufVmiuDDe4JcEKCs5kP1CpQI9tekYN8Fy80du2Og=="
    }
  }
}
